{
  "name": "jsrogue-dev",
  "version": "0.0.1",
  "lockfileVersion": 1,
  "requires": true,
  "dependencies": {
    "rot-js": {
      "version": "2.1.0",
      "resolved": "https://registry.npmjs.org/rot-js/-/rot-js-2.1.0.tgz",
      "integrity": "sha512-ClRNgEmqbg+YISpcFFnis1VuZGj9KFnbFwprHVDCL6U9aPDAp6A7GE92Yd+yhhMOlZPlv4nGWyfhg0T0oOVYVA=="
    }
  }
}
